
Microsoft Visual Studio Solution File, Format Version 12.00
# Visual Studio Version 17
VisualStudioVersion = 17.12.35707.178
MinimumVisualStudioVersion = 10.0.40219.1
Project("{9A19103F-16F7-4668-BE54-9A1E7A4F7556}") = "Udemy.Core", "Udemy.Core\Udemy.Core.csproj", "{D28EEB7D-4EDD-4601-ADE8-0DC6900A341C}"
EndProject
Project("{9A19103F-16F7-4668-BE54-9A1E7A4F7556}") = "Udemy.Infrastructure", "Udemy.Infrustructure\Udemy.Infrastructure.csproj", "{435CB882-11F7-42FD-A112-94AC5E674739}"
EndProject
Project("{9A19103F-16F7-4668-BE54-9A1E7A4F7556}") = "Udemy.Service", "Udemy.Service\Udemy.Service.csproj", "{A25E733C-66F2-4794-8FF8-D4B48DE62B72}"
EndProject
Project("{9A19103F-16F7-4668-BE54-9A1E7A4F7556}") = "Udemy", "Udemy\Udemy.csproj", "{D2452B20-4825-466C-9F96-734A8843D872}"
EndProject
Project("{9A19103F-16F7-4668-BE54-9A1E7A4F7556}") = "Udemy.Presentation", "Udemy.Presentation\Udemy.Presentation.csproj", "{4A0F29E0-4D65-471E-8F71-3ECAC2E1C588}"
EndProject
Project("{FAE04EC0-301F-11D3-BF4B-00C04F79EFBC}") = "UsersSeeder", "UsersSeeder\UsersSeeder.csproj", "{CED47FCB-72AB-4CDD-936A-5C1A10BD5ACD}"
EndProject
Project("{2150E333-8FDC-42A3-9474-1A3956D46DE8}") = "Solution Items", "Solution Items", "{BC016A53-1EEA-4B8F-AFD4-CD34E4CF80F0}"
	ProjectSection(SolutionItems) = preProject
		youssef.txt = youssef.txt
	EndProjectSection
EndProject
Project("{54A90642-561A-4BB1-A94E-469ADEE60C69}") = "Client", "Udemy.Client\Client.esproj", "{537756AE-4DBA-482F-BC55-279EE5CE1862}"
EndProject
Project("{54A90642-561A-4BB1-A94E-469ADEE60C69}") = "Client.Admin", "..\RealEstateFullStackApp\Client.Admin\Client.Admin.esproj", "{C38D5FF8-F09F-4236-8AF2-AEABBE318125}"
EndProject
Global
	GlobalSection(SolutionConfigurationPlatforms) = preSolution
		Debug|Any CPU = Debug|Any CPU
		Release|Any CPU = Release|Any CPU
	EndGlobalSection
	GlobalSection(ProjectConfigurationPlatforms) = postSolution
		{D28EEB7D-4EDD-4601-ADE8-0DC6900A341C}.Debug|Any CPU.ActiveCfg = Debug|Any CPU
		{D28EEB7D-4EDD-4601-ADE8-0DC6900A341C}.Debug|Any CPU.Build.0 = Debug|Any CPU
		{D28EEB7D-4EDD-4601-ADE8-0DC6900A341C}.Release|Any CPU.ActiveCfg = Release|Any CPU
		{D28EEB7D-4EDD-4601-ADE8-0DC6900A341C}.Release|Any CPU.Build.0 = Release|Any CPU
		{435CB882-11F7-42FD-A112-94AC5E674739}.Debug|Any CPU.ActiveCfg = Debug|Any CPU
		{435CB882-11F7-42FD-A112-94AC5E674739}.Debug|Any CPU.Build.0 = Debug|Any CPU
		{435CB882-11F7-42FD-A112-94AC5E674739}.Release|Any CPU.ActiveCfg = Release|Any CPU
		{435CB882-11F7-42FD-A112-94AC5E674739}.Release|Any CPU.Build.0 = Release|Any CPU
		{A25E733C-66F2-4794-8FF8-D4B48DE62B72}.Debug|Any CPU.ActiveCfg = Debug|Any CPU
		{A25E733C-66F2-4794-8FF8-D4B48DE62B72}.Debug|Any CPU.Build.0 = Debug|Any CPU
		{A25E733C-66F2-4794-8FF8-D4B48DE62B72}.Release|Any CPU.ActiveCfg = Release|Any CPU
		{A25E733C-66F2-4794-8FF8-D4B48DE62B72}.Release|Any CPU.Build.0 = Release|Any CPU
		{D2452B20-4825-466C-9F96-734A8843D872}.Debug|Any CPU.ActiveCfg = Debug|Any CPU
		{D2452B20-4825-466C-9F96-734A8843D872}.Debug|Any CPU.Build.0 = Debug|Any CPU
		{D2452B20-4825-466C-9F96-734A8843D872}.Release|Any CPU.ActiveCfg = Release|Any CPU
		{D2452B20-4825-466C-9F96-734A8843D872}.Release|Any CPU.Build.0 = Release|Any CPU
		{4A0F29E0-4D65-471E-8F71-3ECAC2E1C588}.Debug|Any CPU.ActiveCfg = Debug|Any CPU
		{4A0F29E0-4D65-471E-8F71-3ECAC2E1C588}.Debug|Any CPU.Build.0 = Debug|Any CPU
		{4A0F29E0-4D65-471E-8F71-3ECAC2E1C588}.Release|Any CPU.ActiveCfg = Release|Any CPU
		{4A0F29E0-4D65-471E-8F71-3ECAC2E1C588}.Release|Any CPU.Build.0 = Release|Any CPU
		{CED47FCB-72AB-4CDD-936A-5C1A10BD5ACD}.Debug|Any CPU.ActiveCfg = Debug|Any CPU
		{CED47FCB-72AB-4CDD-936A-5C1A10BD5ACD}.Debug|Any CPU.Build.0 = Debug|Any CPU
		{CED47FCB-72AB-4CDD-936A-5C1A10BD5ACD}.Release|Any CPU.ActiveCfg = Release|Any CPU
		{CED47FCB-72AB-4CDD-936A-5C1A10BD5ACD}.Release|Any CPU.Build.0 = Release|Any CPU
		{537756AE-4DBA-482F-BC55-279EE5CE1862}.Debug|Any CPU.ActiveCfg = Debug|Any CPU
		{537756AE-4DBA-482F-BC55-279EE5CE1862}.Debug|Any CPU.Build.0 = Debug|Any CPU
		{537756AE-4DBA-482F-BC55-279EE5CE1862}.Debug|Any CPU.Deploy.0 = Debug|Any CPU
		{537756AE-4DBA-482F-BC55-279EE5CE1862}.Release|Any CPU.ActiveCfg = Release|Any CPU
		{537756AE-4DBA-482F-BC55-279EE5CE1862}.Release|Any CPU.Build.0 = Release|Any CPU
		{537756AE-4DBA-482F-BC55-279EE5CE1862}.Release|Any CPU.Deploy.0 = Release|Any CPU
		{C38D5FF8-F09F-4236-8AF2-AEABBE318125}.Debug|Any CPU.ActiveCfg = Debug|Any CPU
		{C38D5FF8-F09F-4236-8AF2-AEABBE318125}.Debug|Any CPU.Build.0 = Debug|Any CPU
		{C38D5FF8-F09F-4236-8AF2-AEABBE318125}.Debug|Any CPU.Deploy.0 = Debug|Any CPU
		{C38D5FF8-F09F-4236-8AF2-AEABBE318125}.Release|Any CPU.ActiveCfg = Release|Any CPU
		{C38D5FF8-F09F-4236-8AF2-AEABBE318125}.Release|Any CPU.Build.0 = Release|Any CPU
		{C38D5FF8-F09F-4236-8AF2-AEABBE318125}.Release|Any CPU.Deploy.0 = Release|Any CPU
	EndGlobalSection
	GlobalSection(SolutionProperties) = preSolution
		HideSolutionNode = FALSE
	EndGlobalSection
	GlobalSection(ExtensibilityGlobals) = postSolution
		SolutionGuid = {3D265851-CD2B-4521-860F-E5A7C83A93EC}
	EndGlobalSection
EndGlobal
